github.com/behavioral-ai/core v0.0.0-20250321202833-07f0e22cda05 h1:1hx5rB0ByxndVdGg94/bV0GoSU7Xu7LNA093i/1WFVk=
github.com/behavioral-ai/core v0.0.0-20250321202833-07f0e22cda05/go.mod h1:sqpbaRPtMXUb4j6CbCuwWvQrD6pUKJm5oZEKPDynlPE=
github.com/behavioral-ai/core v0.0.0-20250328155400-0d6816df227e h1:cP/GmMNx1Ou8s94RF0kc+V4+Sh5cUJrj3/pGMyfUHhg=
github.com/behavioral-ai/core v0.0.0-20250328155400-0d6816df227e/go.mod h1:sqpbaRPtMXUb4j6CbCuwWvQrD6pUKJm5oZEKPDynlPE=
github.com/google/uuid v1.6.0 h1:NIvaJDMOsjHA8n1jAhLSgzrAzy1Hgr+hNrb57e+94F0=
github.com/google/uuid v1.6.0/go.mod h1:TIyPZe4MgqvfeYDBFedMoGGpEw/LqOeaOT+nhxU+yHo=
